{
  "version": "3",
  "packages": {
    "specifiers": {
      "jsr:@core/unknownutil@^3.18.1": "jsr:@core/unknownutil@3.18.1",
      "jsr:@cosense/std@0.28": "jsr:@cosense/std@0.28.1",
      "jsr:@cosense/types@0.10": "jsr:@cosense/types@0.10.1",
      "jsr:@progfay/scrapbox-parser@9": "jsr:@progfay/scrapbox-parser@9.0.0",
      "jsr:@std/async@1": "jsr:@std/async@1.0.1",
      "jsr:@takker/debug-js@0.1": "jsr:@takker/debug-js@0.1.2",
      "npm:date-fns@3": "npm:date-fns@3.6.0",
      "npm:idb@8": "npm:idb@8.0.0",
      "npm:option-t@49": "npm:option-t@49.1.0",
      "npm:option-t@^49.1.0": "npm:option-t@49.1.0"
    },
    "jsr": {
      "@core/unknownutil@3.18.1": {
        "integrity": "6aaa108b623ff971d062dd345da7ca03b97f61ae3d29c8677bff14fec11f0d76"
      },
      "@cosense/std@0.28.1": {
        "integrity": "aded52434e416ca6baaf38ff728b12e5d479ed3669a577eaad253d1dd8e8c439",
        "dependencies": [
          "jsr:@core/unknownutil@^3.18.1",
          "jsr:@cosense/types@0.10",
          "jsr:@progfay/scrapbox-parser@9",
          "jsr:@std/async@1",
          "npm:option-t@^49.1.0"
        ]
      },
      "@cosense/types@0.10.1": {
        "integrity": "13d2488a02c7b0b035a265bc3299affbdab1ea5b607516379685965cd37b2058"
      },
      "@progfay/scrapbox-parser@9.0.0": {
        "integrity": "c559602926d6ddd0580ab0c945333d06ed6cbdd67d4c67557edce8b0bb4be978"
      },
      "@std/async@1.0.1": {
        "integrity": "3c7f6324a8a1b47ca657e5a349b511c9a6c2c0729e9d66b223c9ecaac0753ecb"
      },
      "@takker/debug-js@0.1.2": {
        "integrity": "e40584f3705bec776fb469b46fc084a28e967e3a89b20df492ec4f641ecc4af0"
      }
    },
    "npm": {
      "date-fns@3.6.0": {
        "integrity": "sha512-fRHTG8g/Gif+kSh50gaGEdToemgfj74aRX3swtiouboip5JDLAyDE9F11nHMIcvOaXeOC6D7SpNhi7uFyB7Uww==",
        "dependencies": {}
      },
      "idb@8.0.0": {
        "integrity": "sha512-l//qvlAKGmQO31Qn7xdzagVPPaHTxXx199MhrAFuVBTPqydcPYBWjkrbv4Y0ktB+GmWOiwHl237UUOrLmQxLvw==",
        "dependencies": {}
      },
      "option-t@49.1.0": {
        "integrity": "sha512-K5o4+D8rSE1VcmfwrieRZWyShPxX27NEGuZPT11S4CbvjE73YUDR/sanKAYnhVRj6Hn1mKcjfhjhbOCD2ef3qg==",
        "dependencies": {}
      }
    }
  },
  "remote": {
    "https://raw.githubusercontent.com/takker99/debug-js/0.1.0/mod.ts": "ff9ffef19058c53f08c26cd3759a51b06f8bb1b865c67beaa0ba68558aaf946a"
  },
  "workspace": {
    "dependencies": [
      "jsr:@cosense/std@0.28",
      "jsr:@cosense/types@0.10",
      "jsr:@std/assert@1",
      "jsr:@takker/debug-js@0.1",
      "npm:date-fns@3",
      "npm:idb@8",
      "npm:option-t@49"
    ]
  }
}
