{
  "version": "4",
  "specifiers": {
    "jsr:@core/unknownutil@4": "4.3.0",
    "jsr:@cosense/std@~0.29.3": "0.29.3",
    "jsr:@cosense/types@0.10": "0.10.4",
    "jsr:@cosense/types@~0.10.4": "0.10.4",
    "jsr:@std/encoding@1": "1.0.6",
    "jsr:@takker/debug-js@0.1": "0.1.2",
    "jsr:@takker/md5@0.1": "0.1.0",
    "npm:date-fns@4": "4.1.0",
    "npm:idb@^8.0.1": "8.0.1",
    "npm:option-t@50": "50.0.2",
    "npm:option-t@^50.0.2": "50.0.2"
  },
  "jsr": {
    "@core/unknownutil@4.3.0": {
      "integrity": "538a3687ffa81028e91d148818047df219663d0da671d906cecd165581ae55cc"
    },
    "@cosense/std@0.29.3": {
      "integrity": "0ccefb4c97bec28e5f0006788690f3f41d7f93f50b9b6d1ba4c05cafe4019402",
      "dependencies": [
        "jsr:@core/unknownutil",
        "jsr:@cosense/types@0.10",
        "jsr:@std/encoding",
        "jsr:@takker/md5",
        "npm:option-t@50"
      ]
    },
    "@cosense/types@0.10.4": {
      "integrity": "04423c152a525df848c067f9c6aa05409baadf9da15d8e4569e1bcedfa3c7624"
    },
    "@std/encoding@1.0.6": {
      "integrity": "ca87122c196e8831737d9547acf001766618e78cd8c33920776c7f5885546069"
    },
    "@takker/debug-js@0.1.2": {
      "integrity": "e40584f3705bec776fb469b46fc084a28e967e3a89b20df492ec4f641ecc4af0"
    },
    "@takker/md5@0.1.0": {
      "integrity": "4c423d8247aadf7bcb1eb83c727bf28c05c21906e916517395d00aa157b6eae0"
    }
  },
  "npm": {
    "date-fns@4.1.0": {
      "integrity": "sha512-Ukq0owbQXxa/U3EGtsdVBkR1w7KOQ5gIBqdH2hkvknzZPYvBxb/aa6E8L7tmjFtkwZBu3UXBbjIgPo/Ez4xaNg=="
    },
    "idb@8.0.1": {
      "integrity": "sha512-EkBCzUZSdhJV8PxMSbeEV//xguVKZu9hZZulM+2gHXI0t2hGVU3eYE6/XnH77DS6FM2FY8wl17aDcu9vXpvLWQ=="
    },
    "option-t@50.0.2": {
      "integrity": "sha512-tIGimxb003CDEqu7f+SJtDDVK5LKAlbLt7q5tW5vFMiBb7QXqESXhgmP5bF+BUnShOKRTBfI/PHZBv7I+NHlig=="
    }
  },
  "workspace": {
    "dependencies": [
      "jsr:@cosense/std@~0.29.3",
      "jsr:@cosense/types@~0.10.4",
      "jsr:@takker/debug-js@0.1",
      "npm:date-fns@4",
      "npm:idb@^8.0.1",
      "npm:option-t@^50.0.2"
    ]
  }
}
